
Microsoft Visual Studio Solution File, Format Version 12.00
# Visual Studio Version 16
VisualStudioVersion = 16.0.30717.126
MinimumVisualStudioVersion = 10.0.40219.1
Project("{FAE04EC0-301F-11D3-BF4B-00C04F79EFBC}") = "CrystalReportsTests1", "CrystalReportsTests1\CrystalReportsTests1.csproj", "{8BF43842-D525-4C79-BA7B-EC3DA92263B7}"
EndProject
Global
	GlobalSection(SolutionConfigurationPlatforms) = preSolution
		Debug|Any CPU = Debug|Any CPU
		Release|Any CPU = Release|Any CPU
	EndGlobalSection
	GlobalSection(ProjectConfigurationPlatforms) = postSolution
		{8BF43842-D525-4C79-BA7B-EC3DA92263B7}.Debug|Any CPU.ActiveCfg = Debug|Any CPU
		{8BF43842-D525-4C79-BA7B-EC3DA92263B7}.Debug|Any CPU.Build.0 = Debug|Any CPU
		{8BF43842-D525-4C79-BA7B-EC3DA92263B7}.Release|Any CPU.ActiveCfg = Release|Any CPU
		{8BF43842-D525-4C79-BA7B-EC3DA92263B7}.Release|Any CPU.Build.0 = Release|Any CPU
	EndGlobalSection
	GlobalSection(SolutionProperties) = preSolution
		HideSolutionNode = FALSE
	EndGlobalSection
	GlobalSection(ExtensibilityGlobals) = postSolution
		SolutionGuid = {2A359684-23AB-4415-A332-9A3BEBA6AA8A}
	EndGlobalSection
EndGlobal
